PODS:
  - YJCocoa/AppFrameworks/Foundation/Other (4.1.0)
  - YJCocoa/AppFrameworks/UIKit/ViewGeometry (4.1.0)
  - YJCocoa/System/Dispatch (4.1.0)

DEPENDENCIES:
  - YJCocoa/AppFrameworks/Foundation/Other
  - YJCocoa/AppFrameworks/UIKit/ViewGeometry
  - YJCocoa/System/Dispatch

SPEC CHECKSUMS:
  YJCocoa: 4d81110c07ecbe72a92ec0770abedb25e0f831c2

COCOAPODS: 0.39.0
