PODS:
  - YJCocoa/AppFrameworks/Foundation/Other (4.0.0)
  - YJCocoa/AppFrameworks/UIKit/ViewGeometry (4.0.0)
  - YJCocoa/System/Dispatch (4.0.0)

DEPENDENCIES:
  - YJCocoa/AppFrameworks/Foundation/Other
  - YJCocoa/AppFrameworks/UIKit/ViewGeometry
  - YJCocoa/System/Dispatch

SPEC CHECKSUMS:
  YJCocoa: 6fb0c19957c8caae575b6fba2663a28517bb5514

COCOAPODS: 0.39.0
